// !$*UTF8*$!
{
	archiveVersion = 1;
	classes = {
	};
	objectVersion = 50;
	objects = {

/* Begin PBXBuildFile section */
		569597FC255C158F0087575E /* DefaultButtonView.swift in Sources */ = {isa = PBXBuildFile; fileRef = 569597FB255C158F0087575E /* DefaultButtonView.swift */; };
		56959807255C41CC0087575E /* NumberInputView.swift in Sources */ = {isa = PBXBuildFile; fileRef = 56959806255C41CC0087575E /* NumberInputView.swift */; };
		56959810255C5ADC0087575E /* Color+Extension.swift in Sources */ = {isa = PBXBuildFile; fileRef = 5695980F255C5ADC0087575E /* Color+Extension.swift */; };
		56959815255C5D3C0087575E /* GenericView+Extension.swift in Sources */ = {isa = PBXBuildFile; fileRef = 56959814255C5D3C0087575E /* GenericView+Extension.swift */; };
		5695981A255C64260087575E /* LoginController.swift in Sources */ = {isa = PBXBuildFile; fileRef = 56959819255C64260087575E /* LoginController.swift */; };
		56AA38DD255B75CE0049997E /* Vyb_DatingApp.swift in Sources */ = {isa = PBXBuildFile; fileRef = 56AA38DC255B75CE0049997E /* Vyb_DatingApp.swift */; };
		56AA38DF255B75CE0049997E /* PhoneNumberController.swift in Sources */ = {isa = PBXBuildFile; fileRef = 56AA38DE255B75CE0049997E /* PhoneNumberController.swift */; };
		56AA38E1255B75D00049997E /* Assets.xcassets in Resources */ = {isa = PBXBuildFile; fileRef = 56AA38E0255B75D00049997E /* Assets.xcassets */; };
		56AA38E4255B75D00049997E /* Preview Assets.xcassets in Resources */ = {isa = PBXBuildFile; fileRef = 56AA38E3255B75D00049997E /* Preview Assets.xcassets */; };
		56AA38EF255B75D10049997E /* Vyb_DatingTests.swift in Sources */ = {isa = PBXBuildFile; fileRef = 56AA38EE255B75D10049997E /* Vyb_DatingTests.swift */; };
		56AA38FA255B75D10049997E /* Vyb_DatingUITests.swift in Sources */ = {isa = PBXBuildFile; fileRef = 56AA38F9255B75D10049997E /* Vyb_DatingUITests.swift */; };
		56C9388D255C88B200E94A98 /* LinkedInButtonView.swift in Sources */ = {isa = PBXBuildFile; fileRef = 56C9388C255C88B200E94A98 /* LinkedInButtonView.swift */; };
		56C93893255CAE1E00E94A98 /* Constants.swift in Sources */ = {isa = PBXBuildFile; fileRef = 56C93892255CAE1E00E94A98 /* Constants.swift */; };
		56C9389B255D6E4200E94A98 /* FullNameController.swift in Sources */ = {isa = PBXBuildFile; fileRef = 56C9389A255D6E4200E94A98 /* FullNameController.swift */; };
		56C938BE255D81B800E94A98 /* Mics.swift in Sources */ = {isa = PBXBuildFile; fileRef = 56C938BD255D81B800E94A98 /* Mics.swift */; };
		56C938CC255D997A00E94A98 /* String+Extension.swift in Sources */ = {isa = PBXBuildFile; fileRef = 56C938CB255D997A00E94A98 /* String+Extension.swift */; };
		56C938D1255DA30400E94A98 /* ProfileController.swift in Sources */ = {isa = PBXBuildFile; fileRef = 56C938D0255DA30400E94A98 /* ProfileController.swift */; };
		56C938D6255DA66C00E94A98 /* PickerInputView.swift in Sources */ = {isa = PBXBuildFile; fileRef = 56C938D5255DA66C00E94A98 /* PickerInputView.swift */; };
		56F422A4255E8BF000A1ABAC /* DateOfBirthController.swift in Sources */ = {isa = PBXBuildFile; fileRef = 56F422A3255E8BF000A1ABAC /* DateOfBirthController.swift */; };
		56F422A9255E960400A1ABAC /* ProfilePictureContoller.swift in Sources */ = {isa = PBXBuildFile; fileRef = 56F422A8255E960400A1ABAC /* ProfilePictureContoller.swift */; };
		56F422AE255EA86800A1ABAC /* ProfessionalDetailsController.swift in Sources */ = {isa = PBXBuildFile; fileRef = 56F422AD255EA86800A1ABAC /* ProfessionalDetailsController.swift */; };
		56F422B3255EABBF00A1ABAC /* VerificationCodeController.swift in Sources */ = {isa = PBXBuildFile; fileRef = 56F422B2255EABBF00A1ABAC /* VerificationCodeController.swift */; };
/* End PBXBuildFile section */

/* Begin PBXContainerItemProxy section */
		56AA38EB255B75D10049997E /* PBXContainerItemProxy */ = {
			isa = PBXContainerItemProxy;
			containerPortal = 56AA38D1255B75CE0049997E /* Project object */;
			proxyType = 1;
			remoteGlobalIDString = 56AA38D8255B75CE0049997E;
			remoteInfo = "Vyb Dating";
		};
		56AA38F6255B75D10049997E /* PBXContainerItemProxy */ = {
			isa = PBXContainerItemProxy;
			containerPortal = 56AA38D1255B75CE0049997E /* Project object */;
			proxyType = 1;
			remoteGlobalIDString = 56AA38D8255B75CE0049997E;
			remoteInfo = "Vyb Dating";
		};
/* End PBXContainerItemProxy section */

/* Begin PBXFileReference section */
		569597FB255C158F0087575E /* DefaultButtonView.swift */ = {isa = PBXFileReference; lastKnownFileType = sourcecode.swift; path = DefaultButtonView.swift; sourceTree = "<group>"; };
		56959806255C41CC0087575E /* NumberInputView.swift */ = {isa = PBXFileReference; lastKnownFileType = sourcecode.swift; path = NumberInputView.swift; sourceTree = "<group>"; };
		5695980F255C5ADC0087575E /* Color+Extension.swift */ = {isa = PBXFileReference; lastKnownFileType = sourcecode.swift; path = "Color+Extension.swift"; sourceTree = "<group>"; };
		56959814255C5D3C0087575E /* GenericView+Extension.swift */ = {isa = PBXFileReference; lastKnownFileType = sourcecode.swift; path = "GenericView+Extension.swift"; sourceTree = "<group>"; };
		56959819255C64260087575E /* LoginController.swift */ = {isa = PBXFileReference; lastKnownFileType = sourcecode.swift; path = LoginController.swift; sourceTree = "<group>"; };
		56AA38D9255B75CE0049997E /* Vyb Dating.app */ = {isa = PBXFileReference; explicitFileType = wrapper.application; includeInIndex = 0; path = "Vyb Dating.app"; sourceTree = BUILT_PRODUCTS_DIR; };
		56AA38DC255B75CE0049997E /* Vyb_DatingApp.swift */ = {isa = PBXFileReference; lastKnownFileType = sourcecode.swift; path = Vyb_DatingApp.swift; sourceTree = "<group>"; };
		56AA38DE255B75CE0049997E /* PhoneNumberController.swift */ = {isa = PBXFileReference; lastKnownFileType = sourcecode.swift; path = PhoneNumberController.swift; sourceTree = "<group>"; };
		56AA38E0255B75D00049997E /* Assets.xcassets */ = {isa = PBXFileReference; lastKnownFileType = folder.assetcatalog; path = Assets.xcassets; sourceTree = "<group>"; };
		56AA38E3255B75D00049997E /* Preview Assets.xcassets */ = {isa = PBXFileReference; lastKnownFileType = folder.assetcatalog; path = "Preview Assets.xcassets"; sourceTree = "<group>"; };
		56AA38E5255B75D00049997E /* Info.plist */ = {isa = PBXFileReference; lastKnownFileType = text.plist.xml; path = Info.plist; sourceTree = "<group>"; };
		56AA38EA255B75D10049997E /* Vyb DatingTests.xctest */ = {isa = PBXFileReference; explicitFileType = wrapper.cfbundle; includeInIndex = 0; path = "Vyb DatingTests.xctest"; sourceTree = BUILT_PRODUCTS_DIR; };
		56AA38EE255B75D10049997E /* Vyb_DatingTests.swift */ = {isa = PBXFileReference; lastKnownFileType = sourcecode.swift; path = Vyb_DatingTests.swift; sourceTree = "<group>"; };
		56AA38F0255B75D10049997E /* Info.plist */ = {isa = PBXFileReference; lastKnownFileType = text.plist.xml; path = Info.plist; sourceTree = "<group>"; };
		56AA38F5255B75D10049997E /* Vyb DatingUITests.xctest */ = {isa = PBXFileReference; explicitFileType = wrapper.cfbundle; includeInIndex = 0; path = "Vyb DatingUITests.xctest"; sourceTree = BUILT_PRODUCTS_DIR; };
		56AA38F9255B75D10049997E /* Vyb_DatingUITests.swift */ = {isa = PBXFileReference; lastKnownFileType = sourcecode.swift; path = Vyb_DatingUITests.swift; sourceTree = "<group>"; };
		56AA38FB255B75D10049997E /* Info.plist */ = {isa = PBXFileReference; lastKnownFileType = text.plist.xml; path = Info.plist; sourceTree = "<group>"; };
		56C9388C255C88B200E94A98 /* LinkedInButtonView.swift */ = {isa = PBXFileReference; lastKnownFileType = sourcecode.swift; path = LinkedInButtonView.swift; sourceTree = "<group>"; };
		56C93892255CAE1E00E94A98 /* Constants.swift */ = {isa = PBXFileReference; lastKnownFileType = sourcecode.swift; path = Constants.swift; sourceTree = "<group>"; };
		56C9389A255D6E4200E94A98 /* FullNameController.swift */ = {isa = PBXFileReference; lastKnownFileType = sourcecode.swift; path = FullNameController.swift; sourceTree = "<group>"; };
		56C938BD255D81B800E94A98 /* Mics.swift */ = {isa = PBXFileReference; lastKnownFileType = sourcecode.swift; path = Mics.swift; sourceTree = "<group>"; };
		56C938CB255D997A00E94A98 /* String+Extension.swift */ = {isa = PBXFileReference; lastKnownFileType = sourcecode.swift; path = "String+Extension.swift"; sourceTree = "<group>"; };
		56C938D0255DA30400E94A98 /* ProfileController.swift */ = {isa = PBXFileReference; lastKnownFileType = sourcecode.swift; path = ProfileController.swift; sourceTree = "<group>"; };
		56C938D5255DA66C00E94A98 /* PickerInputView.swift */ = {isa = PBXFileReference; lastKnownFileType = sourcecode.swift; path = PickerInputView.swift; sourceTree = "<group>"; };
		56F422A3255E8BF000A1ABAC /* DateOfBirthController.swift */ = {isa = PBXFileReference; lastKnownFileType = sourcecode.swift; path = DateOfBirthController.swift; sourceTree = "<group>"; };
		56F422A8255E960400A1ABAC /* ProfilePictureContoller.swift */ = {isa = PBXFileReference; lastKnownFileType = sourcecode.swift; path = ProfilePictureContoller.swift; sourceTree = "<group>"; };
		56F422AD255EA86800A1ABAC /* ProfessionalDetailsController.swift */ = {isa = PBXFileReference; lastKnownFileType = sourcecode.swift; path = ProfessionalDetailsController.swift; sourceTree = "<group>"; };
		56F422B2255EABBF00A1ABAC /* VerificationCodeController.swift */ = {isa = PBXFileReference; lastKnownFileType = sourcecode.swift; path = VerificationCodeController.swift; sourceTree = "<group>"; };
/* End PBXFileReference section */

/* Begin PBXFrameworksBuildPhase section */
		56AA38D6255B75CE0049997E /* Frameworks */ = {
			isa = PBXFrameworksBuildPhase;
			buildActionMask = 2147483647;
			files = (
			);
			runOnlyForDeploymentPostprocessing = 0;
		};
		56AA38E7255B75D10049997E /* Frameworks */ = {
			isa = PBXFrameworksBuildPhase;
			buildActionMask = 2147483647;
			files = (
			);
			runOnlyForDeploymentPostprocessing = 0;
		};
		56AA38F2255B75D10049997E /* Frameworks */ = {
			isa = PBXFrameworksBuildPhase;
			buildActionMask = 2147483647;
			files = (
			);
			runOnlyForDeploymentPostprocessing = 0;
		};
/* End PBXFrameworksBuildPhase section */

/* Begin PBXGroup section */
		569597F5255C14AA0087575E /* App */ = {
			isa = PBXGroup;
			children = (
				56AA38DC255B75CE0049997E /* Vyb_DatingApp.swift */,
				56AA38DE255B75CE0049997E /* PhoneNumberController.swift */,
				56959819255C64260087575E /* LoginController.swift */,
				56C9389A255D6E4200E94A98 /* FullNameController.swift */,
				56C938D0255DA30400E94A98 /* ProfileController.swift */,
				56F422A3255E8BF000A1ABAC /* DateOfBirthController.swift */,
				56F422A8255E960400A1ABAC /* ProfilePictureContoller.swift */,
				56F422AD255EA86800A1ABAC /* ProfessionalDetailsController.swift */,
				56F422B2255EABBF00A1ABAC /* VerificationCodeController.swift */,
			);
			path = App;
			sourceTree = "<group>";
		};
		569597F9255C14B70087575E /* Views */ = {
			isa = PBXGroup;
			children = (
				569597FB255C158F0087575E /* DefaultButtonView.swift */,
				56959806255C41CC0087575E /* NumberInputView.swift */,
				56C9388C255C88B200E94A98 /* LinkedInButtonView.swift */,
				56C938D5255DA66C00E94A98 /* PickerInputView.swift */,
			);
			path = Views;
			sourceTree = "<group>";
		};
		569597FA255C14E00087575E /* Models */ = {
			isa = PBXGroup;
			children = (
			);
			path = Models;
			sourceTree = "<group>";
		};
		5695980E255C5AB20087575E /* Extensions */ = {
			isa = PBXGroup;
			children = (
				5695980F255C5ADC0087575E /* Color+Extension.swift */,
				56959814255C5D3C0087575E /* GenericView+Extension.swift */,
				56C938CB255D997A00E94A98 /* String+Extension.swift */,
			);
			path = Extensions;
			sourceTree = "<group>";
		};
		56AA38D0255B75CE0049997E = {
			isa = PBXGroup;
			children = (
				56AA38DB255B75CE0049997E /* Vyb Dating */,
				56AA38ED255B75D10049997E /* Vyb DatingTests */,
				56AA38F8255B75D10049997E /* Vyb DatingUITests */,
				56AA38DA255B75CE0049997E /* Products */,
			);
			sourceTree = "<group>";
		};
		56AA38DA255B75CE0049997E /* Products */ = {
			isa = PBXGroup;
			children = (
				56AA38D9255B75CE0049997E /* Vyb Dating.app */,
				56AA38EA255B75D10049997E /* Vyb DatingTests.xctest */,
				56AA38F5255B75D10049997E /* Vyb DatingUITests.xctest */,
			);
			name = Products;
			sourceTree = "<group>";
		};
		56AA38DB255B75CE0049997E /* Vyb Dating */ = {
			isa = PBXGroup;
			children = (
				56C93891255CAE0A00E94A98 /* Utils */,
				5695980E255C5AB20087575E /* Extensions */,
				569597FA255C14E00087575E /* Models */,
				569597F9255C14B70087575E /* Views */,
				569597F5255C14AA0087575E /* App */,
				56AA38E0255B75D00049997E /* Assets.xcassets */,
				56AA38E5255B75D00049997E /* Info.plist */,
				56AA38E2255B75D00049997E /* Preview Content */,
			);
			path = "Vyb Dating";
			sourceTree = "<group>";
		};
		56AA38E2255B75D00049997E /* Preview Content */ = {
			isa = PBXGroup;
			children = (
				56AA38E3255B75D00049997E /* Preview Assets.xcassets */,
			);
			path = "Preview Content";
			sourceTree = "<group>";
		};
		56AA38ED255B75D10049997E /* Vyb DatingTests */ = {
			isa = PBXGroup;
			children = (
				56AA38EE255B75D10049997E /* Vyb_DatingTests.swift */,
				56AA38F0255B75D10049997E /* Info.plist */,
			);
			path = "Vyb DatingTests";
			sourceTree = "<group>";
		};
		56AA38F8255B75D10049997E /* Vyb DatingUITests */ = {
			isa = PBXGroup;
			children = (
				56AA38F9255B75D10049997E /* Vyb_DatingUITests.swift */,
				56AA38FB255B75D10049997E /* Info.plist */,
			);
			path = "Vyb DatingUITests";
			sourceTree = "<group>";
		};
		56C93891255CAE0A00E94A98 /* Utils */ = {
			isa = PBXGroup;
			children = (
				56C93892255CAE1E00E94A98 /* Constants.swift */,
				56C938BD255D81B800E94A98 /* Mics.swift */,
			);
			path = Utils;
			sourceTree = "<group>";
		};
/* End PBXGroup section */

/* Begin PBXNativeTarget section */
		56AA38D8255B75CE0049997E /* Vyb Dating */ = {
			isa = PBXNativeTarget;
			buildConfigurationList = 56AA38FE255B75D10049997E /* Build configuration list for PBXNativeTarget "Vyb Dating" */;
			buildPhases = (
				56AA38D5255B75CE0049997E /* Sources */,
				56AA38D6255B75CE0049997E /* Frameworks */,
				56AA38D7255B75CE0049997E /* Resources */,
			);
			buildRules = (
			);
			dependencies = (
			);
			name = "Vyb Dating";
			productName = "Vyb Dating";
			productReference = 56AA38D9255B75CE0049997E /* Vyb Dating.app */;
			productType = "com.apple.product-type.application";
		};
		56AA38E9255B75D10049997E /* Vyb DatingTests */ = {
			isa = PBXNativeTarget;
			buildConfigurationList = 56AA3901255B75D10049997E /* Build configuration list for PBXNativeTarget "Vyb DatingTests" */;
			buildPhases = (
				56AA38E6255B75D10049997E /* Sources */,
				56AA38E7255B75D10049997E /* Frameworks */,
				56AA38E8255B75D10049997E /* Resources */,
			);
			buildRules = (
			);
			dependencies = (
				56AA38EC255B75D10049997E /* PBXTargetDependency */,
			);
			name = "Vyb DatingTests";
			productName = "Vyb DatingTests";
			productReference = 56AA38EA255B75D10049997E /* Vyb DatingTests.xctest */;
			productType = "com.apple.product-type.bundle.unit-test";
		};
		56AA38F4255B75D10049997E /* Vyb DatingUITests */ = {
			isa = PBXNativeTarget;
			buildConfigurationList = 56AA3904255B75D10049997E /* Build configuration list for PBXNativeTarget "Vyb DatingUITests" */;
			buildPhases = (
				56AA38F1255B75D10049997E /* Sources */,
				56AA38F2255B75D10049997E /* Frameworks */,
				56AA38F3255B75D10049997E /* Resources */,
			);
			buildRules = (
			);
			dependencies = (
				56AA38F7255B75D10049997E /* PBXTargetDependency */,
			);
			name = "Vyb DatingUITests";
			productName = "Vyb DatingUITests";
			productReference = 56AA38F5255B75D10049997E /* Vyb DatingUITests.xctest */;
			productType = "com.apple.product-type.bundle.ui-testing";
		};
/* End PBXNativeTarget section */

/* Begin PBXProject section */
		56AA38D1255B75CE0049997E /* Project object */ = {
			isa = PBXProject;
			attributes = {
				LastSwiftUpdateCheck = 1210;
				LastUpgradeCheck = 1210;
				TargetAttributes = {
					56AA38D8255B75CE0049997E = {
						CreatedOnToolsVersion = 12.1;
					};
					56AA38E9255B75D10049997E = {
						CreatedOnToolsVersion = 12.1;
						TestTargetID = 56AA38D8255B75CE0049997E;
					};
					56AA38F4255B75D10049997E = {
						CreatedOnToolsVersion = 12.1;
						TestTargetID = 56AA38D8255B75CE0049997E;
					};
				};
			};
			buildConfigurationList = 56AA38D4255B75CE0049997E /* Build configuration list for PBXProject "Vyb Dating" */;
			compatibilityVersion = "Xcode 9.3";
			developmentRegion = en;
			hasScannedForEncodings = 0;
			knownRegions = (
				en,
				Base,
			);
			mainGroup = 56AA38D0255B75CE0049997E;
			productRefGroup = 56AA38DA255B75CE0049997E /* Products */;
			projectDirPath = "";
			projectRoot = "";
			targets = (
				56AA38D8255B75CE0049997E /* Vyb Dating */,
				56AA38E9255B75D10049997E /* Vyb DatingTests */,
				56AA38F4255B75D10049997E /* Vyb DatingUITests */,
			);
		};
/* End PBXProject section */

/* Begin PBXResourcesBuildPhase section */
		56AA38D7255B75CE0049997E /* Resources */ = {
			isa = PBXResourcesBuildPhase;
			buildActionMask = 2147483647;
			files = (
				56AA38E4255B75D00049997E /* Preview Assets.xcassets in Resources */,
				56AA38E1255B75D00049997E /* Assets.xcassets in Resources */,
			);
			runOnlyForDeploymentPostprocessing = 0;
		};
		56AA38E8255B75D10049997E /* Resources */ = {
			isa = PBXResourcesBuildPhase;
			buildActionMask = 2147483647;
			files = (
			);
			runOnlyForDeploymentPostprocessing = 0;
		};
		56AA38F3255B75D10049997E /* Resources */ = {
			isa = PBXResourcesBuildPhase;
			buildActionMask = 2147483647;
			files = (
			);
			runOnlyForDeploymentPostprocessing = 0;
		};
/* End PBXResourcesBuildPhase section */

/* Begin PBXSourcesBuildPhase section */
		56AA38D5255B75CE0049997E /* Sources */ = {
			isa = PBXSourcesBuildPhase;
			buildActionMask = 2147483647;
			files = (
				56C9388D255C88B200E94A98 /* LinkedInButtonView.swift in Sources */,
				56959807255C41CC0087575E /* NumberInputView.swift in Sources */,
				56AA38DF255B75CE0049997E /* PhoneNumberController.swift in Sources */,
				56C938D6255DA66C00E94A98 /* PickerInputView.swift in Sources */,
				569597FC255C158F0087575E /* DefaultButtonView.swift in Sources */,
				56C938CC255D997A00E94A98 /* String+Extension.swift in Sources */,
				56C938D1255DA30400E94A98 /* ProfileController.swift in Sources */,
				56F422A9255E960400A1ABAC /* ProfilePictureContoller.swift in Sources */,
				56AA38DD255B75CE0049997E /* Vyb_DatingApp.swift in Sources */,
				56F422A4255E8BF000A1ABAC /* DateOfBirthController.swift in Sources */,
				56959815255C5D3C0087575E /* GenericView+Extension.swift in Sources */,
				56C938BE255D81B800E94A98 /* Mics.swift in Sources */,
				56959810255C5ADC0087575E /* Color+Extension.swift in Sources */,
				56C9389B255D6E4200E94A98 /* FullNameController.swift in Sources */,
				56F422B3255EABBF00A1ABAC /* VerificationCodeController.swift in Sources */,
				5695981A255C64260087575E /* LoginController.swift in Sources */,
				56F422AE255EA86800A1ABAC /* ProfessionalDetailsController.swift in Sources */,
				56C93893255CAE1E00E94A98 /* Constants.swift in Sources */,
			);
			runOnlyForDeploymentPostprocessing = 0;
		};
		56AA38E6255B75D10049997E /* Sources */ = {
			isa = PBXSourcesBuildPhase;
			buildActionMask = 2147483647;
			files = (
				56AA38EF255B75D10049997E /* Vyb_DatingTests.swift in Sources */,
			);
			runOnlyForDeploymentPostprocessing = 0;
		};
		56AA38F1255B75D10049997E /* Sources */ = {
			isa = PBXSourcesBuildPhase;
			buildActionMask = 2147483647;
			files = (
				56AA38FA255B75D10049997E /* Vyb_DatingUITests.swift in Sources */,
			);
			runOnlyForDeploymentPostprocessing = 0;
		};
/* End PBXSourcesBuildPhase section */

/* Begin PBXTargetDependency section */
		56AA38EC255B75D10049997E /* PBXTargetDependency */ = {
			isa = PBXTargetDependency;
			target = 56AA38D8255B75CE0049997E /* Vyb Dating */;
			targetProxy = 56AA38EB255B75D10049997E /* PBXContainerItemProxy */;
		};
		56AA38F7255B75D10049997E /* PBXTargetDependency */ = {
			isa = PBXTargetDependency;
			target = 56AA38D8255B75CE0049997E /* Vyb Dating */;
			targetProxy = 56AA38F6255B75D10049997E /* PBXContainerItemProxy */;
		};
/* End PBXTargetDependency section */

/* Begin XCBuildConfiguration section */
		56AA38FC255B75D10049997E /* Debug */ = {
			isa = XCBuildConfiguration;
			buildSettings = {
				ALWAYS_SEARCH_USER_PATHS = NO;
				CLANG_ANALYZER_NONNULL = YES;
				CLANG_ANALYZER_NUMBER_OBJECT_CONVERSION = YES_AGGRESSIVE;
				CLANG_CXX_LANGUAGE_STANDARD = "gnu++14";
				CLANG_CXX_LIBRARY = "libc++";
				CLANG_ENABLE_MODULES = YES;
				CLANG_ENABLE_OBJC_ARC = YES;
				CLANG_ENABLE_OBJC_WEAK = YES;
				CLANG_WARN_BLOCK_CAPTURE_AUTORELEASING = YES;
				CLANG_WARN_BOOL_CONVERSION = YES;
				CLANG_WARN_COMMA = YES;
				CLANG_WARN_CONSTANT_CONVERSION = YES;
				CLANG_WARN_DEPRECATED_OBJC_IMPLEMENTATIONS = YES;
				CLANG_WARN_DIRECT_OBJC_ISA_USAGE = YES_ERROR;
				CLANG_WARN_DOCUMENTATION_COMMENTS = YES;
				CLANG_WARN_EMPTY_BODY = YES;
				CLANG_WARN_ENUM_CONVERSION = YES;
				CLANG_WARN_INFINITE_RECURSION = YES;
				CLANG_WARN_INT_CONVERSION = YES;
				CLANG_WARN_NON_LITERAL_NULL_CONVERSION = YES;
				CLANG_WARN_OBJC_IMPLICIT_RETAIN_SELF = YES;
				CLANG_WARN_OBJC_LITERAL_CONVERSION = YES;
				CLANG_WARN_OBJC_ROOT_CLASS = YES_ERROR;
				CLANG_WARN_QUOTED_INCLUDE_IN_FRAMEWORK_HEADER = YES;
				CLANG_WARN_RANGE_LOOP_ANALYSIS = YES;
				CLANG_WARN_STRICT_PROTOTYPES = YES;
				CLANG_WARN_SUSPICIOUS_MOVE = YES;
				CLANG_WARN_UNGUARDED_AVAILABILITY = YES_AGGRESSIVE;
				CLANG_WARN_UNREACHABLE_CODE = YES;
				CLANG_WARN__DUPLICATE_METHOD_MATCH = YES;
				COPY_PHASE_STRIP = NO;
				DEBUG_INFORMATION_FORMAT = dwarf;
				ENABLE_STRICT_OBJC_MSGSEND = YES;
				ENABLE_TESTABILITY = YES;
				GCC_C_LANGUAGE_STANDARD = gnu11;
				GCC_DYNAMIC_NO_PIC = NO;
				GCC_NO_COMMON_BLOCKS = YES;
				GCC_OPTIMIZATION_LEVEL = 0;
				GCC_PREPROCESSOR_DEFINITIONS = (
					"DEBUG=1",
					"$(inherited)",
				);
				GCC_WARN_64_TO_32_BIT_CONVERSION = YES;
				GCC_WARN_ABOUT_RETURN_TYPE = YES_ERROR;
				GCC_WARN_UNDECLARED_SELECTOR = YES;
				GCC_WARN_UNINITIALIZED_AUTOS = YES_AGGRESSIVE;
				GCC_WARN_UNUSED_FUNCTION = YES;
				GCC_WARN_UNUSED_VARIABLE = YES;
				IPHONEOS_DEPLOYMENT_TARGET = 14.1;
				MTL_ENABLE_DEBUG_INFO = INCLUDE_SOURCE;
				MTL_FAST_MATH = YES;
				ONLY_ACTIVE_ARCH = YES;
				SDKROOT = iphoneos;
				SWIFT_ACTIVE_COMPILATION_CONDITIONS = DEBUG;
				SWIFT_OPTIMIZATION_LEVEL = "-Onone";
			};
			name = Debug;
		};
		56AA38FD255B75D10049997E /* Release */ = {
			isa = XCBuildConfiguration;
			buildSettings = {
				ALWAYS_SEARCH_USER_PATHS = NO;
				CLANG_ANALYZER_NONNULL = YES;
				CLANG_ANALYZER_NUMBER_OBJECT_CONVERSION = YES_AGGRESSIVE;
				CLANG_CXX_LANGUAGE_STANDARD = "gnu++14";
				CLANG_CXX_LIBRARY = "libc++";
				CLANG_ENABLE_MODULES = YES;
				CLANG_ENABLE_OBJC_ARC = YES;
				CLANG_ENABLE_OBJC_WEAK = YES;
				CLANG_WARN_BLOCK_CAPTURE_AUTORELEASING = YES;
				CLANG_WARN_BOOL_CONVERSION = YES;
				CLANG_WARN_COMMA = YES;
				CLANG_WARN_CONSTANT_CONVERSION = YES;
				CLANG_WARN_DEPRECATED_OBJC_IMPLEMENTATIONS = YES;
				CLANG_WARN_DIRECT_OBJC_ISA_USAGE = YES_ERROR;
				CLANG_WARN_DOCUMENTATION_COMMENTS = YES;
				CLANG_WARN_EMPTY_BODY = YES;
				CLANG_WARN_ENUM_CONVERSION = YES;
				CLANG_WARN_INFINITE_RECURSION = YES;
				CLANG_WARN_INT_CONVERSION = YES;
				CLANG_WARN_NON_LITERAL_NULL_CONVERSION = YES;
				CLANG_WARN_OBJC_IMPLICIT_RETAIN_SELF = YES;
				CLANG_WARN_OBJC_LITERAL_CONVERSION = YES;
				CLANG_WARN_OBJC_ROOT_CLASS = YES_ERROR;
				CLANG_WARN_QUOTED_INCLUDE_IN_FRAMEWORK_HEADER = YES;
				CLANG_WARN_RANGE_LOOP_ANALYSIS = YES;
				CLANG_WARN_STRICT_PROTOTYPES = YES;
				CLANG_WARN_SUSPICIOUS_MOVE = YES;
				CLANG_WARN_UNGUARDED_AVAILABILITY = YES_AGGRESSIVE;
				CLANG_WARN_UNREACHABLE_CODE = YES;
				CLANG_WARN__DUPLICATE_METHOD_MATCH = YES;
				COPY_PHASE_STRIP = NO;
				DEBUG_INFORMATION_FORMAT = "dwarf-with-dsym";
				ENABLE_NS_ASSERTIONS = NO;
				ENABLE_STRICT_OBJC_MSGSEND = YES;
				GCC_C_LANGUAGE_STANDARD = gnu11;
				GCC_NO_COMMON_BLOCKS = YES;
				GCC_WARN_64_TO_32_BIT_CONVERSION = YES;
				GCC_WARN_ABOUT_RETURN_TYPE = YES_ERROR;
				GCC_WARN_UNDECLARED_SELECTOR = YES;
				GCC_WARN_UNINITIALIZED_AUTOS = YES_AGGRESSIVE;
				GCC_WARN_UNUSED_FUNCTION = YES;
				GCC_WARN_UNUSED_VARIABLE = YES;
				IPHONEOS_DEPLOYMENT_TARGET = 14.1;
				MTL_ENABLE_DEBUG_INFO = NO;
				MTL_FAST_MATH = YES;
				SDKROOT = iphoneos;
				SWIFT_COMPILATION_MODE = wholemodule;
				SWIFT_OPTIMIZATION_LEVEL = "-O";
				VALIDATE_PRODUCT = YES;
			};
			name = Release;
		};
		56AA38FF255B75D10049997E /* Debug */ = {
			isa = XCBuildConfiguration;
			buildSettings = {
				ASSETCATALOG_COMPILER_APPICON_NAME = AppIcon;
				ASSETCATALOG_COMPILER_GLOBAL_ACCENT_COLOR_NAME = AccentColor;
				CODE_SIGN_STYLE = Automatic;
				DEVELOPMENT_ASSET_PATHS = "\"Vyb Dating/Preview Content\"";
				ENABLE_PREVIEWS = YES;
				INFOPLIST_FILE = "Vyb Dating/Info.plist";
				IPHONEOS_DEPLOYMENT_TARGET = 14.0;
				LD_RUNPATH_SEARCH_PATHS = (
					"$(inherited)",
					"@executable_path/Frameworks",
				);
				PRODUCT_BUNDLE_IDENTIFIER = "com.vyb-dating.app";
				PRODUCT_NAME = "$(TARGET_NAME)";
				SWIFT_VERSION = 5.0;
				TARGETED_DEVICE_FAMILY = "1,2";
			};
			name = Debug;
		};
		56AA3900255B75D10049997E /* Release */ = {
			isa = XCBuildConfiguration;
			buildSettings = {
				ASSETCATALOG_COMPILER_APPICON_NAME = AppIcon;
				ASSETCATALOG_COMPILER_GLOBAL_ACCENT_COLOR_NAME = AccentColor;
				CODE_SIGN_STYLE = Automatic;
				DEVELOPMENT_ASSET_PATHS = "\"Vyb Dating/Preview Content\"";
				ENABLE_PREVIEWS = YES;
				INFOPLIST_FILE = "Vyb Dating/Info.plist";
				IPHONEOS_DEPLOYMENT_TARGET = 14.0;
				LD_RUNPATH_SEARCH_PATHS = (
					"$(inherited)",
					"@executable_path/Frameworks",
				);
				PRODUCT_BUNDLE_IDENTIFIER = "com.vyb-dating.app";
				PRODUCT_NAME = "$(TARGET_NAME)";
				SWIFT_VERSION = 5.0;
				TARGETED_DEVICE_FAMILY = "1,2";
			};
			name = Release;
		};
		56AA3902255B75D10049997E /* Debug */ = {
			isa = XCBuildConfiguration;
			buildSettings = {
				ALWAYS_EMBED_SWIFT_STANDARD_LIBRARIES = YES;
				BUNDLE_LOADER = "$(TEST_HOST)";
				CODE_SIGN_STYLE = Automatic;
				INFOPLIST_FILE = "Vyb DatingTests/Info.plist";
				IPHONEOS_DEPLOYMENT_TARGET = 14.0;
				LD_RUNPATH_SEARCH_PATHS = (
					"$(inherited)",
					"@executable_path/Frameworks",
					"@loader_path/Frameworks",
				);
				PRODUCT_BUNDLE_IDENTIFIER = "vybdating.com.Vyb-DatingTests";
				PRODUCT_NAME = "$(TARGET_NAME)";
				SWIFT_VERSION = 5.0;
				TARGETED_DEVICE_FAMILY = "1,2";
				TEST_HOST = "$(BUILT_PRODUCTS_DIR)/Vyb Dating.app/Vyb Dating";
			};
			name = Debug;
		};
		56AA3903255B75D10049997E /* Release */ = {
			isa = XCBuildConfiguration;
			buildSettings = {
				ALWAYS_EMBED_SWIFT_STANDARD_LIBRARIES = YES;
				BUNDLE_LOADER = "$(TEST_HOST)";
				CODE_SIGN_STYLE = Automatic;
				INFOPLIST_FILE = "Vyb DatingTests/Info.plist";
				IPHONEOS_DEPLOYMENT_TARGET = 14.0;
				LD_RUNPATH_SEARCH_PATHS = (
					"$(inherited)",
					"@executable_path/Frameworks",
					"@loader_path/Frameworks",
				);
				PRODUCT_BUNDLE_IDENTIFIER = "vybdating.com.Vyb-DatingTests";
				PRODUCT_NAME = "$(TARGET_NAME)";
				SWIFT_VERSION = 5.0;
				TARGETED_DEVICE_FAMILY = "1,2";
				TEST_HOST = "$(BUILT_PRODUCTS_DIR)/Vyb Dating.app/Vyb Dating";
			};
			name = Release;
		};
		56AA3905255B75D10049997E /* Debug */ = {
			isa = XCBuildConfiguration;
			buildSettings = {
				ALWAYS_EMBED_SWIFT_STANDARD_LIBRARIES = YES;
				CODE_SIGN_STYLE = Automatic;
				INFOPLIST_FILE = "Vyb DatingUITests/Info.plist";
				LD_RUNPATH_SEARCH_PATHS = (
					"$(inherited)",
					"@executable_path/Frameworks",
					"@loader_path/Frameworks",
				);
				PRODUCT_BUNDLE_IDENTIFIER = "vybdating.com.Vyb-DatingUITests";
				PRODUCT_NAME = "$(TARGET_NAME)";
				SWIFT_VERSION = 5.0;
				TARGETED_DEVICE_FAMILY = "1,2";
				TEST_TARGET_NAME = "Vyb Dating";
			};
			name = Debug;
		};
		56AA3906255B75D10049997E /* Release */ = {
			isa = XCBuildConfiguration;
			buildSettings = {
				ALWAYS_EMBED_SWIFT_STANDARD_LIBRARIES = YES;
				CODE_SIGN_STYLE = Automatic;
				INFOPLIST_FILE = "Vyb DatingUITests/Info.plist";
				LD_RUNPATH_SEARCH_PATHS = (
					"$(inherited)",
					"@executable_path/Frameworks",
					"@loader_path/Frameworks",
				);
				PRODUCT_BUNDLE_IDENTIFIER = "vybdating.com.Vyb-DatingUITests";
				PRODUCT_NAME = "$(TARGET_NAME)";
				SWIFT_VERSION = 5.0;
				TARGETED_DEVICE_FAMILY = "1,2";
				TEST_TARGET_NAME = "Vyb Dating";
			};
			name = Release;
		};
/* End XCBuildConfiguration section */

/* Begin XCConfigurationList section */
		56AA38D4255B75CE0049997E /* Build configuration list for PBXProject "Vyb Dating" */ = {
			isa = XCConfigurationList;
			buildConfigurations = (
				56AA38FC255B75D10049997E /* Debug */,
				56AA38FD255B75D10049997E /* Release */,
			);
			defaultConfigurationIsVisible = 0;
			defaultConfigurationName = Release;
		};
		56AA38FE255B75D10049997E /* Build configuration list for PBXNativeTarget "Vyb Dating" */ = {
			isa = XCConfigurationList;
			buildConfigurations = (
				56AA38FF255B75D10049997E /* Debug */,
				56AA3900255B75D10049997E /* Release */,
			);
			defaultConfigurationIsVisible = 0;
			defaultConfigurationName = Release;
		};
		56AA3901255B75D10049997E /* Build configuration list for PBXNativeTarget "Vyb DatingTests" */ = {
			isa = XCConfigurationList;
			buildConfigurations = (
				56AA3902255B75D10049997E /* Debug */,
				56AA3903255B75D10049997E /* Release */,
			);
			defaultConfigurationIsVisible = 0;
			defaultConfigurationName = Release;
		};
		56AA3904255B75D10049997E /* Build configuration list for PBXNativeTarget "Vyb DatingUITests" */ = {
			isa = XCConfigurationList;
			buildConfigurations = (
				56AA3905255B75D10049997E /* Debug */,
				56AA3906255B75D10049997E /* Release */,
			);
			defaultConfigurationIsVisible = 0;
			defaultConfigurationName = Release;
		};
/* End XCConfigurationList section */
	};
	rootObject = 56AA38D1255B75CE0049997E /* Project object */;
}
